{
  "name": "demo_grid",
  "version": "1.0.0",
  "lockfileVersion": 1,
  "requires": true,
  "dependencies": {
    "bootstrap3": {
      "version": "3.3.5",
      "resolved": "http://registry.npm.taobao.org/bootstrap3/download/bootstrap3-3.3.5.tgz",
      "integrity": "sha1-SWpO9sCHIU+paDgZbWDeZF6CWRo="
    },
    "jquery": {
      "version": "1.11.3",
      "resolved": "http://registry.npm.taobao.org/jquery/download/jquery-1.11.3.tgz",
      "integrity": "sha1-3Yt0J4snEC0p32Pq4oMIqM+htYM="
    }
  }
}
